
Microsoft Visual Studio Solution File, Format Version 12.00
# Visual Studio 15
VisualStudioVersion = 15.0.28010.2019
MinimumVisualStudioVersion = 10.0.40219.1
Project("{FAE04EC0-301F-11D3-BF4B-00C04F79EFBC}") = "UnitTests", "UnitTests\UnitTests.csproj", "{7EF7ED3A-2679-4A4A-B5D0-997258402A5E}"
EndProject
Global
	GlobalSection(SolutionConfigurationPlatforms) = preSolution
		Debug|Any CPU = Debug|Any CPU
		Release|Any CPU = Release|Any CPU
	EndGlobalSection
	GlobalSection(ProjectConfigurationPlatforms) = postSolution
		{7EF7ED3A-2679-4A4A-B5D0-997258402A5E}.Debug|Any CPU.ActiveCfg = Debug|Any CPU
		{7EF7ED3A-2679-4A4A-B5D0-997258402A5E}.Debug|Any CPU.Build.0 = Debug|Any CPU
		{7EF7ED3A-2679-4A4A-B5D0-997258402A5E}.Release|Any CPU.ActiveCfg = Release|Any CPU
		{7EF7ED3A-2679-4A4A-B5D0-997258402A5E}.Release|Any CPU.Build.0 = Release|Any CPU
	EndGlobalSection
	GlobalSection(SolutionProperties) = preSolution
		HideSolutionNode = FALSE
	EndGlobalSection
	GlobalSection(ExtensibilityGlobals) = postSolution
		SolutionGuid = {1FDA962C-12FB-48B0-AA6F-BA0E80B229D4}
	EndGlobalSection
EndGlobal
